// !$*UTF8*$!
{
	archiveVersion = 1;
	classes = {
	};
	objectVersion = 46;
	objects = {

/* Begin PBXBuildFile section */
		25ECB2B71A4598DB009C91EF /* main.swift in Sources */ = {isa = PBXBuildFile; fileRef = 25ECB2B61A4598DB009C91EF /* main.swift */; };
/* End PBXBuildFile section */

/* Begin PBXCopyFilesBuildPhase section */
		25ECB2B11A4598DB009C91EF /* CopyFiles */ = {
			isa = PBXCopyFilesBuildPhase;
			buildActionMask = 2147483647;
			dstPath = /usr/share/man/man1/;
			dstSubfolderSpec = 0;
			files = (
			);
			runOnlyForDeploymentPostprocessing = 1;
		};
/* End PBXCopyFilesBuildPhase section */

/* Begin PBXFileReference section */
		25ECB2B31A4598DB009C91EF /* Swift-可选 optionals */ = {isa = PBXFileReference; explicitFileType = "compiled.mach-o.executable"; includeInIndex = 0; path = "Swift-可选 optionals"; sourceTree = BUILT_PRODUCTS_DIR; };
		25ECB2B61A4598DB009C91EF /* main.swift */ = {isa = PBXFileReference; lastKnownFileType = sourcecode.swift; path = main.swift; sourceTree = "<group>"; };
/* End PBXFileReference section */

/* Begin PBXFrameworksBuildPhase section */
		25ECB2B01A4598DB009C91EF /* Frameworks */ = {
			isa = PBXFrameworksBuildPhase;
			buildActionMask = 2147483647;
			files = (
			);
			runOnlyForDeploymentPostprocessing = 0;
		};
/* End PBXFrameworksBuildPhase section */

/* Begin PBXGroup section */
		25ECB2AA1A4598DB009C91EF = {
			isa = PBXGroup;
			children = (
				25ECB2B51A4598DB009C91EF /* Swift-可选 optionals */,
				25ECB2B41A4598DB009C91EF /* Products */,
			);
			sourceTree = "<group>";
		};
		25ECB2B41A4598DB009C91EF /* Products */ = {
			isa = PBXGroup;
			children = (
				25ECB2B31A4598DB009C91EF /* Swift-可选 optionals */,
			);
			name = Products;
			sourceTree = "<group>";
		};
		25ECB2B51A4598DB009C91EF /* Swift-可选 optionals */ = {
			isa = PBXGroup;
			children = (
				25ECB2B61A4598DB009C91EF /* main.swift */,
			);
			path = "Swift-可选 optionals";
			sourceTree = "<group>";
		};
/* End PBXGroup section */

/* Begin PBXNativeTarget section */
		25ECB2B21A4598DB009C91EF /* Swift-可选 optionals */ = {
			isa = PBXNativeTarget;
			buildConfigurationList = 25ECB2BA1A4598DB009C91EF /* Build configuration list for PBXNativeTarget "Swift-可选 optionals" */;
			buildPhases = (
				25ECB2AF1A4598DB009C91EF /* Sources */,
				25ECB2B01A4598DB009C91EF /* Frameworks */,
				25ECB2B11A4598DB009C91EF /* CopyFiles */,
			);
			buildRules = (
			);
			dependencies = (
			);
			name = "Swift-可选 optionals";
			productName = "Swift-可选 optionals";
			productReference = 25ECB2B31A4598DB009C91EF /* Swift-可选 optionals */;
			productType = "com.apple.product-type.tool";
		};
/* End PBXNativeTarget section */

/* Begin PBXProject section */
		25ECB2AB1A4598DB009C91EF /* Project object */ = {
			isa = PBXProject;
			attributes = {
				LastUpgradeCheck = 0610;
				ORGANIZATIONNAME = ruian;
				TargetAttributes = {
					25ECB2B21A4598DB009C91EF = {
						CreatedOnToolsVersion = 6.1.1;
					};
				};
			};
			buildConfigurationList = 25ECB2AE1A4598DB009C91EF /* Build configuration list for PBXProject "Swift-可选 optionals" */;
			compatibilityVersion = "Xcode 3.2";
			developmentRegion = English;
			hasScannedForEncodings = 0;
			knownRegions = (
				en,
			);
			mainGroup = 25ECB2AA1A4598DB009C91EF;
			productRefGroup = 25ECB2B41A4598DB009C91EF /* Products */;
			projectDirPath = "";
			projectRoot = "";
			targets = (
				25ECB2B21A4598DB009C91EF /* Swift-可选 optionals */,
			);
		};
/* End PBXProject section */

/* Begin PBXSourcesBuildPhase section */
		25ECB2AF1A4598DB009C91EF /* Sources */ = {
			isa = PBXSourcesBuildPhase;
			buildActionMask = 2147483647;
			files = (
				25ECB2B71A4598DB009C91EF /* main.swift in Sources */,
			);
			runOnlyForDeploymentPostprocessing = 0;
		};
/* End PBXSourcesBuildPhase section */

/* Begin XCBuildConfiguration section */
		25ECB2B81A4598DB009C91EF /* Debug */ = {
			isa = XCBuildConfiguration;
			buildSettings = {
				ALWAYS_SEARCH_USER_PATHS = NO;
				CLANG_CXX_LANGUAGE_STANDARD = "gnu++0x";
				CLANG_CXX_LIBRARY = "libc++";
				CLANG_ENABLE_MODULES = YES;
				CLANG_ENABLE_OBJC_ARC = YES;
				CLANG_WARN_BOOL_CONVERSION = YES;
				CLANG_WARN_CONSTANT_CONVERSION = YES;
				CLANG_WARN_DIRECT_OBJC_ISA_USAGE = YES_ERROR;
				CLANG_WARN_EMPTY_BODY = YES;
				CLANG_WARN_ENUM_CONVERSION = YES;
				CLANG_WARN_INT_CONVERSION = YES;
				CLANG_WARN_OBJC_ROOT_CLASS = YES_ERROR;
				CLANG_WARN_UNREACHABLE_CODE = YES;
				CLANG_WARN__DUPLICATE_METHOD_MATCH = YES;
				COPY_PHASE_STRIP = NO;
				ENABLE_STRICT_OBJC_MSGSEND = YES;
				GCC_C_LANGUAGE_STANDARD = gnu99;
				GCC_DYNAMIC_NO_PIC = NO;
				GCC_OPTIMIZATION_LEVEL = 0;
				GCC_PREPROCESSOR_DEFINITIONS = (
					"DEBUG=1",
					"$(inherited)",
				);
				GCC_SYMBOLS_PRIVATE_EXTERN = NO;
				GCC_WARN_64_TO_32_BIT_CONVERSION = YES;
				GCC_WARN_ABOUT_RETURN_TYPE = YES_ERROR;
				GCC_WARN_UNDECLARED_SELECTOR = YES;
				GCC_WARN_UNINITIALIZED_AUTOS = YES_AGGRESSIVE;
				GCC_WARN_UNUSED_FUNCTION = YES;
				GCC_WARN_UNUSED_VARIABLE = YES;
				MACOSX_DEPLOYMENT_TARGET = 10.10;
				MTL_ENABLE_DEBUG_INFO = YES;
				ONLY_ACTIVE_ARCH = YES;
				SDKROOT = macosx;
				SWIFT_OPTIMIZATION_LEVEL = "-Onone";
			};
			name = Debug;
		};
		25ECB2B91A4598DB009C91EF /* Release */ = {
			isa = XCBuildConfiguration;
			buildSettings = {
				ALWAYS_SEARCH_USER_PATHS = NO;
				CLANG_CXX_LANGUAGE_STANDARD = "gnu++0x";
				CLANG_CXX_LIBRARY = "libc++";
				CLANG_ENABLE_MODULES = YES;
				CLANG_ENABLE_OBJC_ARC = YES;
				CLANG_WARN_BOOL_CONVERSION = YES;
				CLANG_WARN_CONSTANT_CONVERSION = YES;
				CLANG_WARN_DIRECT_OBJC_ISA_USAGE = YES_ERROR;
				CLANG_WARN_EMPTY_BODY = YES;
				CLANG_WARN_ENUM_CONVERSION = YES;
				CLANG_WARN_INT_CONVERSION = YES;
				CLANG_WARN_OBJC_ROOT_CLASS = YES_ERROR;
				CLANG_WARN_UNREACHABLE_CODE = YES;
				CLANG_WARN__DUPLICATE_METHOD_MATCH = YES;
				COPY_PHASE_STRIP = YES;
				DEBUG_INFORMATION_FORMAT = "dwarf-with-dsym";
				ENABLE_NS_ASSERTIONS = NO;
				ENABLE_STRICT_OBJC_MSGSEND = YES;
				GCC_C_LANGUAGE_STANDARD = gnu99;
				GCC_WARN_64_TO_32_BIT_CONVERSION = YES;
				GCC_WARN_ABOUT_RETURN_TYPE = YES_ERROR;
				GCC_WARN_UNDECLARED_SELECTOR = YES;
				GCC_WARN_UNINITIALIZED_AUTOS = YES_AGGRESSIVE;
				GCC_WARN_UNUSED_FUNCTION = YES;
				GCC_WARN_UNUSED_VARIABLE = YES;
				MACOSX_DEPLOYMENT_TARGET = 10.10;
				MTL_ENABLE_DEBUG_INFO = NO;
				SDKROOT = macosx;
			};
			name = Release;
		};
		25ECB2BB1A4598DB009C91EF /* Debug */ = {
			isa = XCBuildConfiguration;
			buildSettings = {
				PRODUCT_NAME = "$(TARGET_NAME)";
			};
			name = Debug;
		};
		25ECB2BC1A4598DB009C91EF /* Release */ = {
			isa = XCBuildConfiguration;
			buildSettings = {
				PRODUCT_NAME = "$(TARGET_NAME)";
			};
			name = Release;
		};
/* End XCBuildConfiguration section */

/* Begin XCConfigurationList section */
		25ECB2AE1A4598DB009C91EF /* Build configuration list for PBXProject "Swift-可选 optionals" */ = {
			isa = XCConfigurationList;
			buildConfigurations = (
				25ECB2B81A4598DB009C91EF /* Debug */,
				25ECB2B91A4598DB009C91EF /* Release */,
			);
			defaultConfigurationIsVisible = 0;
			defaultConfigurationName = Release;
		};
		25ECB2BA1A4598DB009C91EF /* Build configuration list for PBXNativeTarget "Swift-可选 optionals" */ = {
			isa = XCConfigurationList;
			buildConfigurations = (
				25ECB2BB1A4598DB009C91EF /* Debug */,
				25ECB2BC1A4598DB009C91EF /* Release */,
			);
			defaultConfigurationIsVisible = 0;
		};
/* End XCConfigurationList section */
	};
	rootObject = 25ECB2AB1A4598DB009C91EF /* Project object */;
}
